
Microsoft Visual Studio Solution File, Format Version 12.00
# Visual Studio Version 16
VisualStudioVersion = 16.0.29721.120
MinimumVisualStudioVersion = 10.0.40219.1
Project("{FAE04EC0-301F-11D3-BF4B-00C04F79EFBC}") = "FleetCommander.Simulation", "FleetCommander.Simulation\FleetCommander.Simulation.csproj", "{2051889A-43FD-4890-978E-8DA83713FC21}"
EndProject
Global
	GlobalSection(SolutionConfigurationPlatforms) = preSolution
		Debug|Any CPU = Debug|Any CPU
		Release|Any CPU = Release|Any CPU
	EndGlobalSection
	GlobalSection(ProjectConfigurationPlatforms) = postSolution
		{2051889A-43FD-4890-978E-8DA83713FC21}.Debug|Any CPU.ActiveCfg = Debug|Any CPU
		{2051889A-43FD-4890-978E-8DA83713FC21}.Debug|Any CPU.Build.0 = Debug|Any CPU
		{2051889A-43FD-4890-978E-8DA83713FC21}.Release|Any CPU.ActiveCfg = Release|Any CPU
		{2051889A-43FD-4890-978E-8DA83713FC21}.Release|Any CPU.Build.0 = Release|Any CPU
	EndGlobalSection
	GlobalSection(SolutionProperties) = preSolution
		HideSolutionNode = FALSE
	EndGlobalSection
	GlobalSection(ExtensibilityGlobals) = postSolution
		SolutionGuid = {D6E27480-EA91-4662-80C0-55BC86896C1E}
	EndGlobalSection
EndGlobal
